
Microsoft Visual Studio Solution File, Format Version 12.00
# Visual Studio 14
VisualStudioVersion = 14.0.22129.0
MinimumVisualStudioVersion = 10.0.40219.1
Project("{2150E333-8FDC-42A3-9474-1A3956D46DE8}") = "src", "src", "{4C1363DB-DD5B-4D20-B0AE-651990633CDD}"
EndProject
Project("{8BB2217D-0F2D-49D1-97BC-3654ED321F3B}") = "vNextBowerGrunt", "src\vNextBowerGrunt\vNextBowerGrunt.kproj", "{0A1A42F8-0504-4BB3-AD36-20CA82335F95}"
EndProject
Project("{2150E333-8FDC-42A3-9474-1A3956D46DE8}") = "Solution Items", "Solution Items", "{89D98FE0-8D4B-41CB-8F38-B3757CCF9669}"
	ProjectSection(SolutionItems) = preProject
		global.json = global.json
	EndProjectSection
EndProject
Global
	GlobalSection(SolutionConfigurationPlatforms) = preSolution
		Debug|Any CPU = Debug|Any CPU
		Release|Any CPU = Release|Any CPU
	EndGlobalSection
	GlobalSection(ProjectConfigurationPlatforms) = postSolution
		{0A1A42F8-0504-4BB3-AD36-20CA82335F95}.Debug|Any CPU.ActiveCfg = Debug|Any CPU
		{0A1A42F8-0504-4BB3-AD36-20CA82335F95}.Debug|Any CPU.Build.0 = Debug|Any CPU
		{0A1A42F8-0504-4BB3-AD36-20CA82335F95}.Release|Any CPU.ActiveCfg = Release|Any CPU
		{0A1A42F8-0504-4BB3-AD36-20CA82335F95}.Release|Any CPU.Build.0 = Release|Any CPU
	EndGlobalSection
	GlobalSection(SolutionProperties) = preSolution
		HideSolutionNode = FALSE
	EndGlobalSection
	GlobalSection(NestedProjects) = preSolution
		{0A1A42F8-0504-4BB3-AD36-20CA82335F95} = {4C1363DB-DD5B-4D20-B0AE-651990633CDD}
	EndGlobalSection
EndGlobal
